
Microsoft Visual Studio Solution File, Format Version 12.00
# Visual Studio Version 17
VisualStudioVersion = 17.0.32228.444
MinimumVisualStudioVersion = 10.0.40219.1
Project("{9A19103F-16F7-4668-BE54-9A1E7A4F7556}") = "Reclamation.TimeSeries", "TimeSeries\Reclamation.TimeSeries.csproj", "{5DD20A8A-4037-4885-AB91-2F5A3D1F48B4}"
EndProject
Project("{9A19103F-16F7-4668-BE54-9A1E7A4F7556}") = "Reclamation.Core", "Core\Reclamation.Core.csproj", "{80C73D4C-43CF-42DE-ADDC-7B0F06ECF086}"
EndProject
Project("{9A19103F-16F7-4668-BE54-9A1E7A4F7556}") = "Reclamation.TimeSeries.Forms", "TimeSeries.Forms\Reclamation.TimeSeries.Forms.csproj", "{A7E73F2A-CA66-4BC8-934A-B5068C566F10}"
EndProject
Project("{2150E333-8FDC-42A3-9474-1A3956D46DE8}") = "Applications", "Applications", "{461202B2-A773-45DD-A2BC-E3AB5E70D88E}"
EndProject
Project("{9A19103F-16F7-4668-BE54-9A1E7A4F7556}") = "GetSnotel", "Applications\GetSnotel\GetSnotel.csproj", "{C69867AF-0F8C-470D-82F9-7C678083C5E1}"
EndProject
Project("{9A19103F-16F7-4668-BE54-9A1E7A4F7556}") = "ImportUsgs", "Applications\ImportUSGS\ImportUsgs.csproj", "{8300960D-26B3-453D-AE72-D0267F035E20}"
EndProject
Project("{9A19103F-16F7-4668-BE54-9A1E7A4F7556}") = "RogueBiOpCheck", "Applications\RogueBiOpCheck\RogueBiOpCheck.csproj", "{D427C920-62C7-41D3-BCE1-27E315C2D122}"
EndProject
Project("{9A19103F-16F7-4668-BE54-9A1E7A4F7556}") = "RiverwareDMI", "Applications\RiverWareDMI\RiverwareDMI.csproj", "{AAB62A5F-54CA-4115-92FE-91D54B9E932A}"
EndProject
Project("{9A19103F-16F7-4668-BE54-9A1E7A4F7556}") = "GetUsace", "Applications\GetUsace\GetUsace.csproj", "{035F594F-8B4C-4A32-AD96-D31E11BE0A37}"
EndProject
Project("{9A19103F-16F7-4668-BE54-9A1E7A4F7556}") = "HydrometIdwr", "Applications\HydrometIdwr\HydrometIdwr.csproj", "{B518FE6E-AC32-4204-A7FF-36E45E8E9AAF}"
EndProject
Project("{9A19103F-16F7-4668-BE54-9A1E7A4F7556}") = "ImportKlamathShef", "Applications\ImportKlamathShef\ImportKlamathShef.csproj", "{FD42C9F7-7516-4492-9B25-9A1D3AF8C911}"
EndProject
Project("{9A19103F-16F7-4668-BE54-9A1E7A4F7556}") = "HydrometNotifications", "Applications\HydrometNotifications\HydrometNotifications.csproj", "{09B73D14-AFBB-434E-A71D-73248CBBF0A3}"
EndProject
Project("{9A19103F-16F7-4668-BE54-9A1E7A4F7556}") = "HydrometServer", "Applications\HydrometServer\HydrometServer.csproj", "{36DFC19C-1840-4CF4-9A62-CCA9FF142619}"
EndProject
Project("{9A19103F-16F7-4668-BE54-9A1E7A4F7556}") = "PiscesWebServices", "Applications\PiscesWebServices\PiscesWebServices.csproj", "{AE98A3D7-E0CD-4675-B268-C8D4CEF429CE}"
EndProject
Project("{9A19103F-16F7-4668-BE54-9A1E7A4F7556}") = "ProcessHydrometEmail", "Applications\ProcessHydrometEmail\ProcessHydrometEmail.csproj", "{C51C9443-95C6-49B2-A194-D794A25DC4F8}"
EndProject
Project("{9A19103F-16F7-4668-BE54-9A1E7A4F7556}") = "USFOShifts", "Applications\USFOShifts\USFOShifts.csproj", "{B5149AE3-25DC-4ED3-8C22-6E429AA9532E}"
EndProject
Project("{9A19103F-16F7-4668-BE54-9A1E7A4F7556}") = "Pisces", "Applications\PiscesUI\Pisces.csproj", "{60537C98-6E33-42F7-9B7D-9B326ABC019E}"
EndProject
Project("{9A19103F-16F7-4668-BE54-9A1E7A4F7556}") = "ImportCsv", "Applications\ImportCsv\ImportCsv.csproj", "{DF7D7FCA-F5A0-4950-9E1A-354331D190ED}"
EndProject
Project("{9A19103F-16F7-4668-BE54-9A1E7A4F7556}") = "GetNiceNet", "Applications\GetNiceNet\GetNiceNet.csproj", "{728DF7C2-69D7-41FA-A358-61206BB90C4E}"
EndProject
Project("{9A19103F-16F7-4668-BE54-9A1E7A4F7556}") = "GetINL", "Applications\GetINL\GetINL.csproj", "{213AF28D-B0FD-4063-826F-86F6B21DCAD7}"
EndProject
Project("{9A19103F-16F7-4668-BE54-9A1E7A4F7556}") = "Depth", "Applications\depth\Depth.csproj", "{D6EE1B30-3205-4948-9BA3-8BE37BA50D27}"
EndProject
Project("{9A19103F-16F7-4668-BE54-9A1E7A4F7556}") = "Reclamation.Windows", "Reclamation.Windows\Reclamation.Windows.csproj", "{C9278B32-7C94-4532-9F4C-92109A6B8E03}"
EndProject
Project("{9A19103F-16F7-4668-BE54-9A1E7A4F7556}") = "ImportOWRD", "Applications\ImportOWRD\ImportOWRD.csproj", "{98584217-A9DA-4375-9DC4-D82CF6899162}"
EndProject
Project("{9A19103F-16F7-4668-BE54-9A1E7A4F7556}") = "RiverwareTrace", "Applications\RiverwareTrace\RiverwareTrace.csproj", "{6FDE3AB4-0917-4912-9A6F-A0D578CDC379}"
EndProject
Project("{9A19103F-16F7-4668-BE54-9A1E7A4F7556}") = "Reclamation.Riverware", "Reclamation.Riverware\Reclamation.Riverware.csproj", "{4FA07F03-E6C3-418E-AA20-6378E7E6599D}"
EndProject
Project("{9A19103F-16F7-4668-BE54-9A1E7A4F7556}") = "Usda.Nrcs", "TimeSeries.Nrcs\Usda.Nrcs.csproj", "{84311FAF-8E24-40BB-950B-C53C3E0F0030}"
EndProject
Global
	GlobalSection(SolutionConfigurationPlatforms) = preSolution
		Debug|Any CPU = Debug|Any CPU
		Release|Any CPU = Release|Any CPU
	EndGlobalSection
	GlobalSection(ProjectConfigurationPlatforms) = postSolution
		{5DD20A8A-4037-4885-AB91-2F5A3D1F48B4}.Debug|Any CPU.ActiveCfg = Debug|Any CPU
		{5DD20A8A-4037-4885-AB91-2F5A3D1F48B4}.Debug|Any CPU.Build.0 = Debug|Any CPU
		{5DD20A8A-4037-4885-AB91-2F5A3D1F48B4}.Release|Any CPU.ActiveCfg = Release|Any CPU
		{5DD20A8A-4037-4885-AB91-2F5A3D1F48B4}.Release|Any CPU.Build.0 = Release|Any CPU
		{80C73D4C-43CF-42DE-ADDC-7B0F06ECF086}.Debug|Any CPU.ActiveCfg = Debug|Any CPU
		{80C73D4C-43CF-42DE-ADDC-7B0F06ECF086}.Debug|Any CPU.Build.0 = Debug|Any CPU
		{80C73D4C-43CF-42DE-ADDC-7B0F06ECF086}.Release|Any CPU.ActiveCfg = Release|Any CPU
		{80C73D4C-43CF-42DE-ADDC-7B0F06ECF086}.Release|Any CPU.Build.0 = Release|Any CPU
		{A7E73F2A-CA66-4BC8-934A-B5068C566F10}.Debug|Any CPU.ActiveCfg = Debug|Any CPU
		{A7E73F2A-CA66-4BC8-934A-B5068C566F10}.Debug|Any CPU.Build.0 = Debug|Any CPU
		{A7E73F2A-CA66-4BC8-934A-B5068C566F10}.Release|Any CPU.ActiveCfg = Release|Any CPU
		{A7E73F2A-CA66-4BC8-934A-B5068C566F10}.Release|Any CPU.Build.0 = Release|Any CPU
		{C69867AF-0F8C-470D-82F9-7C678083C5E1}.Debug|Any CPU.ActiveCfg = Debug|Any CPU
		{C69867AF-0F8C-470D-82F9-7C678083C5E1}.Debug|Any CPU.Build.0 = Debug|Any CPU
		{C69867AF-0F8C-470D-82F9-7C678083C5E1}.Release|Any CPU.ActiveCfg = Release|Any CPU
		{C69867AF-0F8C-470D-82F9-7C678083C5E1}.Release|Any CPU.Build.0 = Release|Any CPU
		{8300960D-26B3-453D-AE72-D0267F035E20}.Debug|Any CPU.ActiveCfg = Debug|Any CPU
		{8300960D-26B3-453D-AE72-D0267F035E20}.Debug|Any CPU.Build.0 = Debug|Any CPU
		{8300960D-26B3-453D-AE72-D0267F035E20}.Release|Any CPU.ActiveCfg = Release|Any CPU
		{8300960D-26B3-453D-AE72-D0267F035E20}.Release|Any CPU.Build.0 = Release|Any CPU
		{D427C920-62C7-41D3-BCE1-27E315C2D122}.Debug|Any CPU.ActiveCfg = Debug|Any CPU
		{D427C920-62C7-41D3-BCE1-27E315C2D122}.Debug|Any CPU.Build.0 = Debug|Any CPU
		{D427C920-62C7-41D3-BCE1-27E315C2D122}.Release|Any CPU.ActiveCfg = Release|Any CPU
		{D427C920-62C7-41D3-BCE1-27E315C2D122}.Release|Any CPU.Build.0 = Release|Any CPU
		{AAB62A5F-54CA-4115-92FE-91D54B9E932A}.Debug|Any CPU.ActiveCfg = Debug|Any CPU
		{AAB62A5F-54CA-4115-92FE-91D54B9E932A}.Debug|Any CPU.Build.0 = Debug|Any CPU
		{AAB62A5F-54CA-4115-92FE-91D54B9E932A}.Release|Any CPU.ActiveCfg = Release|Any CPU
		{AAB62A5F-54CA-4115-92FE-91D54B9E932A}.Release|Any CPU.Build.0 = Release|Any CPU
		{035F594F-8B4C-4A32-AD96-D31E11BE0A37}.Debug|Any CPU.ActiveCfg = Debug|Any CPU
		{035F594F-8B4C-4A32-AD96-D31E11BE0A37}.Debug|Any CPU.Build.0 = Debug|Any CPU
		{035F594F-8B4C-4A32-AD96-D31E11BE0A37}.Release|Any CPU.ActiveCfg = Release|Any CPU
		{035F594F-8B4C-4A32-AD96-D31E11BE0A37}.Release|Any CPU.Build.0 = Release|Any CPU
		{B518FE6E-AC32-4204-A7FF-36E45E8E9AAF}.Debug|Any CPU.ActiveCfg = Debug|Any CPU
		{B518FE6E-AC32-4204-A7FF-36E45E8E9AAF}.Debug|Any CPU.Build.0 = Debug|Any CPU
		{B518FE6E-AC32-4204-A7FF-36E45E8E9AAF}.Release|Any CPU.ActiveCfg = Release|Any CPU
		{B518FE6E-AC32-4204-A7FF-36E45E8E9AAF}.Release|Any CPU.Build.0 = Release|Any CPU
		{FD42C9F7-7516-4492-9B25-9A1D3AF8C911}.Debug|Any CPU.ActiveCfg = Debug|Any CPU
		{FD42C9F7-7516-4492-9B25-9A1D3AF8C911}.Debug|Any CPU.Build.0 = Debug|Any CPU
		{FD42C9F7-7516-4492-9B25-9A1D3AF8C911}.Release|Any CPU.ActiveCfg = Release|Any CPU
		{FD42C9F7-7516-4492-9B25-9A1D3AF8C911}.Release|Any CPU.Build.0 = Release|Any CPU
		{09B73D14-AFBB-434E-A71D-73248CBBF0A3}.Debug|Any CPU.ActiveCfg = Debug|Any CPU
		{09B73D14-AFBB-434E-A71D-73248CBBF0A3}.Debug|Any CPU.Build.0 = Debug|Any CPU
		{09B73D14-AFBB-434E-A71D-73248CBBF0A3}.Release|Any CPU.ActiveCfg = Release|Any CPU
		{09B73D14-AFBB-434E-A71D-73248CBBF0A3}.Release|Any CPU.Build.0 = Release|Any CPU
		{36DFC19C-1840-4CF4-9A62-CCA9FF142619}.Debug|Any CPU.ActiveCfg = Debug|Any CPU
		{36DFC19C-1840-4CF4-9A62-CCA9FF142619}.Debug|Any CPU.Build.0 = Debug|Any CPU
		{36DFC19C-1840-4CF4-9A62-CCA9FF142619}.Release|Any CPU.ActiveCfg = Release|Any CPU
		{36DFC19C-1840-4CF4-9A62-CCA9FF142619}.Release|Any CPU.Build.0 = Release|Any CPU
		{AE98A3D7-E0CD-4675-B268-C8D4CEF429CE}.Debug|Any CPU.ActiveCfg = Debug|Any CPU
		{AE98A3D7-E0CD-4675-B268-C8D4CEF429CE}.Debug|Any CPU.Build.0 = Debug|Any CPU
		{AE98A3D7-E0CD-4675-B268-C8D4CEF429CE}.Release|Any CPU.ActiveCfg = Release|Any CPU
		{AE98A3D7-E0CD-4675-B268-C8D4CEF429CE}.Release|Any CPU.Build.0 = Release|Any CPU
		{C51C9443-95C6-49B2-A194-D794A25DC4F8}.Debug|Any CPU.ActiveCfg = Debug|Any CPU
		{C51C9443-95C6-49B2-A194-D794A25DC4F8}.Debug|Any CPU.Build.0 = Debug|Any CPU
		{C51C9443-95C6-49B2-A194-D794A25DC4F8}.Release|Any CPU.ActiveCfg = Release|Any CPU
		{C51C9443-95C6-49B2-A194-D794A25DC4F8}.Release|Any CPU.Build.0 = Release|Any CPU
		{B5149AE3-25DC-4ED3-8C22-6E429AA9532E}.Debug|Any CPU.ActiveCfg = Debug|Any CPU
		{B5149AE3-25DC-4ED3-8C22-6E429AA9532E}.Debug|Any CPU.Build.0 = Debug|Any CPU
		{B5149AE3-25DC-4ED3-8C22-6E429AA9532E}.Release|Any CPU.ActiveCfg = Release|Any CPU
		{B5149AE3-25DC-4ED3-8C22-6E429AA9532E}.Release|Any CPU.Build.0 = Release|Any CPU
		{60537C98-6E33-42F7-9B7D-9B326ABC019E}.Debug|Any CPU.ActiveCfg = Debug|Any CPU
		{60537C98-6E33-42F7-9B7D-9B326ABC019E}.Debug|Any CPU.Build.0 = Debug|Any CPU
		{60537C98-6E33-42F7-9B7D-9B326ABC019E}.Release|Any CPU.ActiveCfg = Release|Any CPU
		{60537C98-6E33-42F7-9B7D-9B326ABC019E}.Release|Any CPU.Build.0 = Release|Any CPU
		{DF7D7FCA-F5A0-4950-9E1A-354331D190ED}.Debug|Any CPU.ActiveCfg = Debug|Any CPU
		{DF7D7FCA-F5A0-4950-9E1A-354331D190ED}.Debug|Any CPU.Build.0 = Debug|Any CPU
		{DF7D7FCA-F5A0-4950-9E1A-354331D190ED}.Release|Any CPU.ActiveCfg = Release|Any CPU
		{DF7D7FCA-F5A0-4950-9E1A-354331D190ED}.Release|Any CPU.Build.0 = Release|Any CPU
		{728DF7C2-69D7-41FA-A358-61206BB90C4E}.Debug|Any CPU.ActiveCfg = Debug|Any CPU
		{728DF7C2-69D7-41FA-A358-61206BB90C4E}.Debug|Any CPU.Build.0 = Debug|Any CPU
		{728DF7C2-69D7-41FA-A358-61206BB90C4E}.Release|Any CPU.ActiveCfg = Release|Any CPU
		{728DF7C2-69D7-41FA-A358-61206BB90C4E}.Release|Any CPU.Build.0 = Release|Any CPU
		{213AF28D-B0FD-4063-826F-86F6B21DCAD7}.Debug|Any CPU.ActiveCfg = Debug|Any CPU
		{213AF28D-B0FD-4063-826F-86F6B21DCAD7}.Debug|Any CPU.Build.0 = Debug|Any CPU
		{213AF28D-B0FD-4063-826F-86F6B21DCAD7}.Release|Any CPU.ActiveCfg = Release|Any CPU
		{213AF28D-B0FD-4063-826F-86F6B21DCAD7}.Release|Any CPU.Build.0 = Release|Any CPU
		{D6EE1B30-3205-4948-9BA3-8BE37BA50D27}.Debug|Any CPU.ActiveCfg = Debug|Any CPU
		{D6EE1B30-3205-4948-9BA3-8BE37BA50D27}.Debug|Any CPU.Build.0 = Debug|Any CPU
		{D6EE1B30-3205-4948-9BA3-8BE37BA50D27}.Release|Any CPU.ActiveCfg = Release|Any CPU
		{D6EE1B30-3205-4948-9BA3-8BE37BA50D27}.Release|Any CPU.Build.0 = Release|Any CPU
		{C9278B32-7C94-4532-9F4C-92109A6B8E03}.Debug|Any CPU.ActiveCfg = Debug|Any CPU
		{C9278B32-7C94-4532-9F4C-92109A6B8E03}.Debug|Any CPU.Build.0 = Debug|Any CPU
		{C9278B32-7C94-4532-9F4C-92109A6B8E03}.Release|Any CPU.ActiveCfg = Release|Any CPU
		{C9278B32-7C94-4532-9F4C-92109A6B8E03}.Release|Any CPU.Build.0 = Release|Any CPU
		{98584217-A9DA-4375-9DC4-D82CF6899162}.Debug|Any CPU.ActiveCfg = Debug|Any CPU
		{98584217-A9DA-4375-9DC4-D82CF6899162}.Debug|Any CPU.Build.0 = Debug|Any CPU
		{98584217-A9DA-4375-9DC4-D82CF6899162}.Release|Any CPU.ActiveCfg = Release|Any CPU
		{98584217-A9DA-4375-9DC4-D82CF6899162}.Release|Any CPU.Build.0 = Release|Any CPU
		{6FDE3AB4-0917-4912-9A6F-A0D578CDC379}.Debug|Any CPU.ActiveCfg = Debug|Any CPU
		{6FDE3AB4-0917-4912-9A6F-A0D578CDC379}.Debug|Any CPU.Build.0 = Debug|Any CPU
		{6FDE3AB4-0917-4912-9A6F-A0D578CDC379}.Release|Any CPU.ActiveCfg = Release|Any CPU
		{6FDE3AB4-0917-4912-9A6F-A0D578CDC379}.Release|Any CPU.Build.0 = Release|Any CPU
		{4FA07F03-E6C3-418E-AA20-6378E7E6599D}.Debug|Any CPU.ActiveCfg = Debug|Any CPU
		{4FA07F03-E6C3-418E-AA20-6378E7E6599D}.Debug|Any CPU.Build.0 = Debug|Any CPU
		{4FA07F03-E6C3-418E-AA20-6378E7E6599D}.Release|Any CPU.ActiveCfg = Release|Any CPU
		{4FA07F03-E6C3-418E-AA20-6378E7E6599D}.Release|Any CPU.Build.0 = Release|Any CPU
		{84311FAF-8E24-40BB-950B-C53C3E0F0030}.Debug|Any CPU.ActiveCfg = Debug|Any CPU
		{84311FAF-8E24-40BB-950B-C53C3E0F0030}.Debug|Any CPU.Build.0 = Debug|Any CPU
		{84311FAF-8E24-40BB-950B-C53C3E0F0030}.Release|Any CPU.ActiveCfg = Release|Any CPU
		{84311FAF-8E24-40BB-950B-C53C3E0F0030}.Release|Any CPU.Build.0 = Release|Any CPU
	EndGlobalSection
	GlobalSection(SolutionProperties) = preSolution
		HideSolutionNode = FALSE
	EndGlobalSection
	GlobalSection(NestedProjects) = preSolution
		{C69867AF-0F8C-470D-82F9-7C678083C5E1} = {461202B2-A773-45DD-A2BC-E3AB5E70D88E}
		{8300960D-26B3-453D-AE72-D0267F035E20} = {461202B2-A773-45DD-A2BC-E3AB5E70D88E}
		{D427C920-62C7-41D3-BCE1-27E315C2D122} = {461202B2-A773-45DD-A2BC-E3AB5E70D88E}
		{AAB62A5F-54CA-4115-92FE-91D54B9E932A} = {461202B2-A773-45DD-A2BC-E3AB5E70D88E}
		{035F594F-8B4C-4A32-AD96-D31E11BE0A37} = {461202B2-A773-45DD-A2BC-E3AB5E70D88E}
		{B518FE6E-AC32-4204-A7FF-36E45E8E9AAF} = {461202B2-A773-45DD-A2BC-E3AB5E70D88E}
		{FD42C9F7-7516-4492-9B25-9A1D3AF8C911} = {461202B2-A773-45DD-A2BC-E3AB5E70D88E}
		{09B73D14-AFBB-434E-A71D-73248CBBF0A3} = {461202B2-A773-45DD-A2BC-E3AB5E70D88E}
		{36DFC19C-1840-4CF4-9A62-CCA9FF142619} = {461202B2-A773-45DD-A2BC-E3AB5E70D88E}
		{AE98A3D7-E0CD-4675-B268-C8D4CEF429CE} = {461202B2-A773-45DD-A2BC-E3AB5E70D88E}
		{C51C9443-95C6-49B2-A194-D794A25DC4F8} = {461202B2-A773-45DD-A2BC-E3AB5E70D88E}
		{B5149AE3-25DC-4ED3-8C22-6E429AA9532E} = {461202B2-A773-45DD-A2BC-E3AB5E70D88E}
		{60537C98-6E33-42F7-9B7D-9B326ABC019E} = {461202B2-A773-45DD-A2BC-E3AB5E70D88E}
		{DF7D7FCA-F5A0-4950-9E1A-354331D190ED} = {461202B2-A773-45DD-A2BC-E3AB5E70D88E}
		{728DF7C2-69D7-41FA-A358-61206BB90C4E} = {461202B2-A773-45DD-A2BC-E3AB5E70D88E}
		{213AF28D-B0FD-4063-826F-86F6B21DCAD7} = {461202B2-A773-45DD-A2BC-E3AB5E70D88E}
		{D6EE1B30-3205-4948-9BA3-8BE37BA50D27} = {461202B2-A773-45DD-A2BC-E3AB5E70D88E}
		{98584217-A9DA-4375-9DC4-D82CF6899162} = {461202B2-A773-45DD-A2BC-E3AB5E70D88E}
		{6FDE3AB4-0917-4912-9A6F-A0D578CDC379} = {461202B2-A773-45DD-A2BC-E3AB5E70D88E}
	EndGlobalSection
	GlobalSection(ExtensibilityGlobals) = postSolution
		SolutionGuid = {3F4C9525-1F25-425A-9DAF-CFE9A51060A3}
	EndGlobalSection
EndGlobal
